
Microsoft Visual Studio Solution File, Format Version 12.00
# Visual Studio 2012
Project("{FAE04EC0-301F-11D3-BF4B-00C04F79EFBC}") = "Bob", "Bob\Bob.csproj", "{3308DF62-208F-4349-8A79-CF40E6B23624}"
EndProject
Project("{FAE04EC0-301F-11D3-BF4B-00C04F79EFBC}") = "Tests", "Tests\Tests.csproj", "{D640F2CA-F064-4B3F-930E-D40B4A7ABC51}"
EndProject
Global
	GlobalSection(SolutionConfigurationPlatforms) = preSolution
		Debug|Any CPU = Debug|Any CPU
		Release|Any CPU = Release|Any CPU
	EndGlobalSection
	GlobalSection(ProjectConfigurationPlatforms) = postSolution
		{3308DF62-208F-4349-8A79-CF40E6B23624}.Debug|Any CPU.ActiveCfg = Debug|Any CPU
		{3308DF62-208F-4349-8A79-CF40E6B23624}.Debug|Any CPU.Build.0 = Debug|Any CPU
		{3308DF62-208F-4349-8A79-CF40E6B23624}.Release|Any CPU.ActiveCfg = Release|Any CPU
		{3308DF62-208F-4349-8A79-CF40E6B23624}.Release|Any CPU.Build.0 = Release|Any CPU
		{D640F2CA-F064-4B3F-930E-D40B4A7ABC51}.Debug|Any CPU.ActiveCfg = Debug|Any CPU
		{D640F2CA-F064-4B3F-930E-D40B4A7ABC51}.Debug|Any CPU.Build.0 = Debug|Any CPU
		{D640F2CA-F064-4B3F-930E-D40B4A7ABC51}.Release|Any CPU.ActiveCfg = Release|Any CPU
		{D640F2CA-F064-4B3F-930E-D40B4A7ABC51}.Release|Any CPU.Build.0 = Release|Any CPU
	EndGlobalSection
	GlobalSection(SolutionProperties) = preSolution
		HideSolutionNode = FALSE
	EndGlobalSection
EndGlobal
